<?xml version="1.0" encoding="utf-8"?>
<Project ToolsVersion="4.0" xmlns="http://schemas.microsoft.com/developer/msbuild/2003">
  <ItemGroup>
    <Filter Include="Source Files">
      <UniqueIdentifier>{2a35a67f-8824-4f2d-9eda-c29c24f5318e}</UniqueIdentifier>
    </Filter>
    <Filter Include="Generated Files">
      <UniqueIdentifier>{d4784c96-9075-4a86-8509-fa9e9d17f7a9}</UniqueIdentifier>
      <SourceControlFiles>False</SourceControlFiles>
    </Filter>
  </ItemGroup>
  <ItemGroup>
    <None Include="Polygoneps.def" />
  </ItemGroup>
  <ItemGroup>
    <ClCompile Include="Polygone_i.c">
      <Filter>Generated Files</Filter>
    </ClCompile>
    <ClCompile Include="Polygone_p.c">
      <Filter>Generated Files</Filter>
    </ClCompile>
    <ClCompile Include="dlldata.c">
      <Filter>Generated Files</Filter>
    </ClCompile>
  </ItemGroup>
</Project>